// !$*UTF8*$!
{
	archiveVersion = 1;
	classes = {
	};
	objectVersion = 46;
	objects = {

/* Begin PBXBuildFile section */
		1675CCAF1CF71D9F005256A1 /* main.m in Sources */ = {isa = PBXBuildFile; fileRef = 1675CCAE1CF71D9F005256A1 /* main.m */; };
		1675CCB21CF71D9F005256A1 /* AppDelegate.m in Sources */ = {isa = PBXBuildFile; fileRef = 1675CCB11CF71D9F005256A1 /* AppDelegate.m */; };
		1675CCB51CF71D9F005256A1 /* ViewController.m in Sources */ = {isa = PBXBuildFile; fileRef = 1675CCB41CF71D9F005256A1 /* ViewController.m */; };
		1675CCB81CF71D9F005256A1 /* Main.storyboard in Resources */ = {isa = PBXBuildFile; fileRef = 1675CCB61CF71D9F005256A1 /* Main.storyboard */; };
		1675CCBA1CF71D9F005256A1 /* Assets.xcassets in Resources */ = {isa = PBXBuildFile; fileRef = 1675CCB91CF71D9F005256A1 /* Assets.xcassets */; };
		1675CCBD1CF71D9F005256A1 /* LaunchScreen.storyboard in Resources */ = {isa = PBXBuildFile; fileRef = 1675CCBB1CF71D9F005256A1 /* LaunchScreen.storyboard */; };
		1675CCC81CF71DA0005256A1 /* DSRouterTests.m in Sources */ = {isa = PBXBuildFile; fileRef = 1675CCC71CF71DA0005256A1 /* DSRouterTests.m */; };
		1675CCD31CF71DA0005256A1 /* DSRouterUITests.m in Sources */ = {isa = PBXBuildFile; fileRef = 1675CCD21CF71DA0005256A1 /* DSRouterUITests.m */; };
		1675CCE21CF71EFF005256A1 /* DSRouter.m in Sources */ = {isa = PBXBuildFile; fileRef = 1675CCE11CF71EFF005256A1 /* DSRouter.m */; };
/* End PBXBuildFile section */

/* Begin PBXContainerItemProxy section */
		1675CCC41CF71DA0005256A1 /* PBXContainerItemProxy */ = {
			isa = PBXContainerItemProxy;
			containerPortal = 1675CCA21CF71D9F005256A1 /* Project object */;
			proxyType = 1;
			remoteGlobalIDString = 1675CCA91CF71D9F005256A1;
			remoteInfo = DSRouter;
		};
		1675CCCF1CF71DA0005256A1 /* PBXContainerItemProxy */ = {
			isa = PBXContainerItemProxy;
			containerPortal = 1675CCA21CF71D9F005256A1 /* Project object */;
			proxyType = 1;
			remoteGlobalIDString = 1675CCA91CF71D9F005256A1;
			remoteInfo = DSRouter;
		};
/* End PBXContainerItemProxy section */

/* Begin PBXFileReference section */
		1675CCAA1CF71D9F005256A1 /* DSRouter.app */ = {isa = PBXFileReference; explicitFileType = wrapper.application; includeInIndex = 0; path = DSRouter.app; sourceTree = BUILT_PRODUCTS_DIR; };
		1675CCAE1CF71D9F005256A1 /* main.m */ = {isa = PBXFileReference; lastKnownFileType = sourcecode.c.objc; path = main.m; sourceTree = "<group>"; };
		1675CCB01CF71D9F005256A1 /* AppDelegate.h */ = {isa = PBXFileReference; lastKnownFileType = sourcecode.c.h; path = AppDelegate.h; sourceTree = "<group>"; };
		1675CCB11CF71D9F005256A1 /* AppDelegate.m */ = {isa = PBXFileReference; lastKnownFileType = sourcecode.c.objc; path = AppDelegate.m; sourceTree = "<group>"; };
		1675CCB31CF71D9F005256A1 /* ViewController.h */ = {isa = PBXFileReference; lastKnownFileType = sourcecode.c.h; path = ViewController.h; sourceTree = "<group>"; };
		1675CCB41CF71D9F005256A1 /* ViewController.m */ = {isa = PBXFileReference; lastKnownFileType = sourcecode.c.objc; path = ViewController.m; sourceTree = "<group>"; };
		1675CCB71CF71D9F005256A1 /* Base */ = {isa = PBXFileReference; lastKnownFileType = file.storyboard; name = Base; path = Base.lproj/Main.storyboard; sourceTree = "<group>"; };
		1675CCB91CF71D9F005256A1 /* Assets.xcassets */ = {isa = PBXFileReference; lastKnownFileType = folder.assetcatalog; path = Assets.xcassets; sourceTree = "<group>"; };
		1675CCBC1CF71D9F005256A1 /* Base */ = {isa = PBXFileReference; lastKnownFileType = file.storyboard; name = Base; path = Base.lproj/LaunchScreen.storyboard; sourceTree = "<group>"; };
		1675CCBE1CF71D9F005256A1 /* Info.plist */ = {isa = PBXFileReference; lastKnownFileType = text.plist.xml; path = Info.plist; sourceTree = "<group>"; };
		1675CCC31CF71DA0005256A1 /* DSRouterTests.xctest */ = {isa = PBXFileReference; explicitFileType = wrapper.cfbundle; includeInIndex = 0; path = DSRouterTests.xctest; sourceTree = BUILT_PRODUCTS_DIR; };
		1675CCC71CF71DA0005256A1 /* DSRouterTests.m */ = {isa = PBXFileReference; lastKnownFileType = sourcecode.c.objc; path = DSRouterTests.m; sourceTree = "<group>"; };
		1675CCC91CF71DA0005256A1 /* Info.plist */ = {isa = PBXFileReference; lastKnownFileType = text.plist.xml; path = Info.plist; sourceTree = "<group>"; };
		1675CCCE1CF71DA0005256A1 /* DSRouterUITests.xctest */ = {isa = PBXFileReference; explicitFileType = wrapper.cfbundle; includeInIndex = 0; path = DSRouterUITests.xctest; sourceTree = BUILT_PRODUCTS_DIR; };
		1675CCD21CF71DA0005256A1 /* DSRouterUITests.m */ = {isa = PBXFileReference; lastKnownFileType = sourcecode.c.objc; path = DSRouterUITests.m; sourceTree = "<group>"; };
		1675CCD41CF71DA0005256A1 /* Info.plist */ = {isa = PBXFileReference; lastKnownFileType = text.plist.xml; path = Info.plist; sourceTree = "<group>"; };
		1675CCE01CF71EFF005256A1 /* DSRouter.h */ = {isa = PBXFileReference; fileEncoding = 4; lastKnownFileType = sourcecode.c.h; path = DSRouter.h; sourceTree = "<group>"; };
		1675CCE11CF71EFF005256A1 /* DSRouter.m */ = {isa = PBXFileReference; fileEncoding = 4; lastKnownFileType = sourcecode.c.objc; path = DSRouter.m; sourceTree = "<group>"; };
/* End PBXFileReference section */

/* Begin PBXFrameworksBuildPhase section */
		1675CCA71CF71D9F005256A1 /* Frameworks */ = {
			isa = PBXFrameworksBuildPhase;
			buildActionMask = 2147483647;
			files = (
			);
			runOnlyForDeploymentPostprocessing = 0;
		};
		1675CCC01CF71DA0005256A1 /* Frameworks */ = {
			isa = PBXFrameworksBuildPhase;
			buildActionMask = 2147483647;
			files = (
			);
			runOnlyForDeploymentPostprocessing = 0;
		};
		1675CCCB1CF71DA0005256A1 /* Frameworks */ = {
			isa = PBXFrameworksBuildPhase;
			buildActionMask = 2147483647;
			files = (
			);
			runOnlyForDeploymentPostprocessing = 0;
		};
/* End PBXFrameworksBuildPhase section */

/* Begin PBXGroup section */
		1675CCA11CF71D9F005256A1 = {
			isa = PBXGroup;
			children = (
				1675CCAC1CF71D9F005256A1 /* DSRouter */,
				1675CCC61CF71DA0005256A1 /* DSRouterTests */,
				1675CCD11CF71DA0005256A1 /* DSRouterUITests */,
				1675CCAB1CF71D9F005256A1 /* Products */,
			);
			sourceTree = "<group>";
		};
		1675CCAB1CF71D9F005256A1 /* Products */ = {
			isa = PBXGroup;
			children = (
				1675CCAA1CF71D9F005256A1 /* DSRouter.app */,
				1675CCC31CF71DA0005256A1 /* DSRouterTests.xctest */,
				1675CCCE1CF71DA0005256A1 /* DSRouterUITests.xctest */,
			);
			name = Products;
			sourceTree = "<group>";
		};
		1675CCAC1CF71D9F005256A1 /* DSRouter */ = {
			isa = PBXGroup;
			children = (
				1675CCE01CF71EFF005256A1 /* DSRouter.h */,
				1675CCE11CF71EFF005256A1 /* DSRouter.m */,
				1675CCB01CF71D9F005256A1 /* AppDelegate.h */,
				1675CCB11CF71D9F005256A1 /* AppDelegate.m */,
				1675CCB31CF71D9F005256A1 /* ViewController.h */,
				1675CCB41CF71D9F005256A1 /* ViewController.m */,
				1675CCB61CF71D9F005256A1 /* Main.storyboard */,
				1675CCB91CF71D9F005256A1 /* Assets.xcassets */,
				1675CCBB1CF71D9F005256A1 /* LaunchScreen.storyboard */,
				1675CCBE1CF71D9F005256A1 /* Info.plist */,
				1675CCAD1CF71D9F005256A1 /* Supporting Files */,
			);
			path = DSRouter;
			sourceTree = "<group>";
		};
		1675CCAD1CF71D9F005256A1 /* Supporting Files */ = {
			isa = PBXGroup;
			children = (
				1675CCAE1CF71D9F005256A1 /* main.m */,
			);
			name = "Supporting Files";
			sourceTree = "<group>";
		};
		1675CCC61CF71DA0005256A1 /* DSRouterTests */ = {
			isa = PBXGroup;
			children = (
				1675CCC71CF71DA0005256A1 /* DSRouterTests.m */,
				1675CCC91CF71DA0005256A1 /* Info.plist */,
			);
			path = DSRouterTests;
			sourceTree = "<group>";
		};
		1675CCD11CF71DA0005256A1 /* DSRouterUITests */ = {
			isa = PBXGroup;
			children = (
				1675CCD21CF71DA0005256A1 /* DSRouterUITests.m */,
				1675CCD41CF71DA0005256A1 /* Info.plist */,
			);
			path = DSRouterUITests;
			sourceTree = "<group>";
		};
/* End PBXGroup section */

/* Begin PBXNativeTarget section */
		1675CCA91CF71D9F005256A1 /* DSRouter */ = {
			isa = PBXNativeTarget;
			buildConfigurationList = 1675CCD71CF71DA0005256A1 /* Build configuration list for PBXNativeTarget "DSRouter" */;
			buildPhases = (
				1675CCA61CF71D9F005256A1 /* Sources */,
				1675CCA71CF71D9F005256A1 /* Frameworks */,
				1675CCA81CF71D9F005256A1 /* Resources */,
			);
			buildRules = (
			);
			dependencies = (
			);
			name = DSRouter;
			productName = DSRouter;
			productReference = 1675CCAA1CF71D9F005256A1 /* DSRouter.app */;
			productType = "com.apple.product-type.application";
		};
		1675CCC21CF71DA0005256A1 /* DSRouterTests */ = {
			isa = PBXNativeTarget;
			buildConfigurationList = 1675CCDA1CF71DA0005256A1 /* Build configuration list for PBXNativeTarget "DSRouterTests" */;
			buildPhases = (
				1675CCBF1CF71DA0005256A1 /* Sources */,
				1675CCC01CF71DA0005256A1 /* Frameworks */,
				1675CCC11CF71DA0005256A1 /* Resources */,
			);
			buildRules = (
			);
			dependencies = (
				1675CCC51CF71DA0005256A1 /* PBXTargetDependency */,
			);
			name = DSRouterTests;
			productName = DSRouterTests;
			productReference = 1675CCC31CF71DA0005256A1 /* DSRouterTests.xctest */;
			productType = "com.apple.product-type.bundle.unit-test";
		};
		1675CCCD1CF71DA0005256A1 /* DSRouterUITests */ = {
			isa = PBXNativeTarget;
			buildConfigurationList = 1675CCDD1CF71DA0005256A1 /* Build configuration list for PBXNativeTarget "DSRouterUITests" */;
			buildPhases = (
				1675CCCA1CF71DA0005256A1 /* Sources */,
				1675CCCB1CF71DA0005256A1 /* Frameworks */,
				1675CCCC1CF71DA0005256A1 /* Resources */,
			);
			buildRules = (
			);
			dependencies = (
				1675CCD01CF71DA0005256A1 /* PBXTargetDependency */,
			);
			name = DSRouterUITests;
			productName = DSRouterUITests;
			productReference = 1675CCCE1CF71DA0005256A1 /* DSRouterUITests.xctest */;
			productType = "com.apple.product-type.bundle.ui-testing";
		};
/* End PBXNativeTarget section */

/* Begin PBXProject section */
		1675CCA21CF71D9F005256A1 /* Project object */ = {
			isa = PBXProject;
			attributes = {
				LastUpgradeCheck = 0720;
				ORGANIZATIONNAME = Jacob;
				TargetAttributes = {
					1675CCA91CF71D9F005256A1 = {
						CreatedOnToolsVersion = 7.2;
					};
					1675CCC21CF71DA0005256A1 = {
						CreatedOnToolsVersion = 7.2;
						TestTargetID = 1675CCA91CF71D9F005256A1;
					};
					1675CCCD1CF71DA0005256A1 = {
						CreatedOnToolsVersion = 7.2;
						TestTargetID = 1675CCA91CF71D9F005256A1;
					};
				};
			};
			buildConfigurationList = 1675CCA51CF71D9F005256A1 /* Build configuration list for PBXProject "DSRouter" */;
			compatibilityVersion = "Xcode 3.2";
			developmentRegion = English;
			hasScannedForEncodings = 0;
			knownRegions = (
				en,
				Base,
			);
			mainGroup = 1675CCA11CF71D9F005256A1;
			productRefGroup = 1675CCAB1CF71D9F005256A1 /* Products */;
			projectDirPath = "";
			projectRoot = "";
			targets = (
				1675CCA91CF71D9F005256A1 /* DSRouter */,
				1675CCC21CF71DA0005256A1 /* DSRouterTests */,
				1675CCCD1CF71DA0005256A1 /* DSRouterUITests */,
			);
		};
/* End PBXProject section */

/* Begin PBXResourcesBuildPhase section */
		1675CCA81CF71D9F005256A1 /* Resources */ = {
			isa = PBXResourcesBuildPhase;
			buildActionMask = 2147483647;
			files = (
				1675CCBD1CF71D9F005256A1 /* LaunchScreen.storyboard in Resources */,
				1675CCBA1CF71D9F005256A1 /* Assets.xcassets in Resources */,
				1675CCB81CF71D9F005256A1 /* Main.storyboard in Resources */,
			);
			runOnlyForDeploymentPostprocessing = 0;
		};
		1675CCC11CF71DA0005256A1 /* Resources */ = {
			isa = PBXResourcesBuildPhase;
			buildActionMask = 2147483647;
			files = (
			);
			runOnlyForDeploymentPostprocessing = 0;
		};
		1675CCCC1CF71DA0005256A1 /* Resources */ = {
			isa = PBXResourcesBuildPhase;
			buildActionMask = 2147483647;
			files = (
			);
			runOnlyForDeploymentPostprocessing = 0;
		};
/* End PBXResourcesBuildPhase section */

/* Begin PBXSourcesBuildPhase section */
		1675CCA61CF71D9F005256A1 /* Sources */ = {
			isa = PBXSourcesBuildPhase;
			buildActionMask = 2147483647;
			files = (
				1675CCB51CF71D9F005256A1 /* ViewController.m in Sources */,
				1675CCB21CF71D9F005256A1 /* AppDelegate.m in Sources */,
				1675CCE21CF71EFF005256A1 /* DSRouter.m in Sources */,
				1675CCAF1CF71D9F005256A1 /* main.m in Sources */,
			);
			runOnlyForDeploymentPostprocessing = 0;
		};
		1675CCBF1CF71DA0005256A1 /* Sources */ = {
			isa = PBXSourcesBuildPhase;
			buildActionMask = 2147483647;
			files = (
				1675CCC81CF71DA0005256A1 /* DSRouterTests.m in Sources */,
			);
			runOnlyForDeploymentPostprocessing = 0;
		};
		1675CCCA1CF71DA0005256A1 /* Sources */ = {
			isa = PBXSourcesBuildPhase;
			buildActionMask = 2147483647;
			files = (
				1675CCD31CF71DA0005256A1 /* DSRouterUITests.m in Sources */,
			);
			runOnlyForDeploymentPostprocessing = 0;
		};
/* End PBXSourcesBuildPhase section */

/* Begin PBXTargetDependency section */
		1675CCC51CF71DA0005256A1 /* PBXTargetDependency */ = {
			isa = PBXTargetDependency;
			target = 1675CCA91CF71D9F005256A1 /* DSRouter */;
			targetProxy = 1675CCC41CF71DA0005256A1 /* PBXContainerItemProxy */;
		};
		1675CCD01CF71DA0005256A1 /* PBXTargetDependency */ = {
			isa = PBXTargetDependency;
			target = 1675CCA91CF71D9F005256A1 /* DSRouter */;
			targetProxy = 1675CCCF1CF71DA0005256A1 /* PBXContainerItemProxy */;
		};
/* End PBXTargetDependency section */

/* Begin PBXVariantGroup section */
		1675CCB61CF71D9F005256A1 /* Main.storyboard */ = {
			isa = PBXVariantGroup;
			children = (
				1675CCB71CF71D9F005256A1 /* Base */,
			);
			name = Main.storyboard;
			sourceTree = "<group>";
		};
		1675CCBB1CF71D9F005256A1 /* LaunchScreen.storyboard */ = {
			isa = PBXVariantGroup;
			children = (
				1675CCBC1CF71D9F005256A1 /* Base */,
			);
			name = LaunchScreen.storyboard;
			sourceTree = "<group>";
		};
/* End PBXVariantGroup section */

/* Begin XCBuildConfiguration section */
		1675CCD51CF71DA0005256A1 /* Debug */ = {
			isa = XCBuildConfiguration;
			buildSettings = {
				ALWAYS_SEARCH_USER_PATHS = NO;
				CLANG_CXX_LANGUAGE_STANDARD = "gnu++0x";
				CLANG_CXX_LIBRARY = "libc++";
				CLANG_ENABLE_MODULES = YES;
				CLANG_ENABLE_OBJC_ARC = YES;
				CLANG_WARN_BOOL_CONVERSION = YES;
				CLANG_WARN_CONSTANT_CONVERSION = YES;
				CLANG_WARN_DIRECT_OBJC_ISA_USAGE = YES_ERROR;
				CLANG_WARN_EMPTY_BODY = YES;
				CLANG_WARN_ENUM_CONVERSION = YES;
				CLANG_WARN_INT_CONVERSION = YES;
				CLANG_WARN_OBJC_ROOT_CLASS = YES_ERROR;
				CLANG_WARN_UNREACHABLE_CODE = YES;
				CLANG_WARN__DUPLICATE_METHOD_MATCH = YES;
				"CODE_SIGN_IDENTITY[sdk=iphoneos*]" = "iPhone Developer";
				COPY_PHASE_STRIP = NO;
				DEBUG_INFORMATION_FORMAT = dwarf;
				ENABLE_STRICT_OBJC_MSGSEND = YES;
				ENABLE_TESTABILITY = YES;
				GCC_C_LANGUAGE_STANDARD = gnu99;
				GCC_DYNAMIC_NO_PIC = NO;
				GCC_NO_COMMON_BLOCKS = YES;
				GCC_OPTIMIZATION_LEVEL = 0;
				GCC_PREPROCESSOR_DEFINITIONS = (
					"DEBUG=1",
					"$(inherited)",
				);
				GCC_WARN_64_TO_32_BIT_CONVERSION = YES;
				GCC_WARN_ABOUT_RETURN_TYPE = YES_ERROR;
				GCC_WARN_UNDECLARED_SELECTOR = YES;
				GCC_WARN_UNINITIALIZED_AUTOS = YES_AGGRESSIVE;
				GCC_WARN_UNUSED_FUNCTION = YES;
				GCC_WARN_UNUSED_VARIABLE = YES;
				IPHONEOS_DEPLOYMENT_TARGET = 9.2;
				MTL_ENABLE_DEBUG_INFO = YES;
				ONLY_ACTIVE_ARCH = YES;
				SDKROOT = iphoneos;
				TARGETED_DEVICE_FAMILY = "1,2";
			};
			name = Debug;
		};
		1675CCD61CF71DA0005256A1 /* Release */ = {
			isa = XCBuildConfiguration;
			buildSettings = {
				ALWAYS_SEARCH_USER_PATHS = NO;
				CLANG_CXX_LANGUAGE_STANDARD = "gnu++0x";
				CLANG_CXX_LIBRARY = "libc++";
				CLANG_ENABLE_MODULES = YES;
				CLANG_ENABLE_OBJC_ARC = YES;
				CLANG_WARN_BOOL_CONVERSION = YES;
				CLANG_WARN_CONSTANT_CONVERSION = YES;
				CLANG_WARN_DIRECT_OBJC_ISA_USAGE = YES_ERROR;
				CLANG_WARN_EMPTY_BODY = YES;
				CLANG_WARN_ENUM_CONVERSION = YES;
				CLANG_WARN_INT_CONVERSION = YES;
				CLANG_WARN_OBJC_ROOT_CLASS = YES_ERROR;
				CLANG_WARN_UNREACHABLE_CODE = YES;
				CLANG_WARN__DUPLICATE_METHOD_MATCH = YES;
				"CODE_SIGN_IDENTITY[sdk=iphoneos*]" = "iPhone Developer";
				COPY_PHASE_STRIP = NO;
				DEBUG_INFORMATION_FORMAT = "dwarf-with-dsym";
				ENABLE_NS_ASSERTIONS = NO;
				ENABLE_STRICT_OBJC_MSGSEND = YES;
				GCC_C_LANGUAGE_STANDARD = gnu99;
				GCC_NO_COMMON_BLOCKS = YES;
				GCC_WARN_64_TO_32_BIT_CONVERSION = YES;
				GCC_WARN_ABOUT_RETURN_TYPE = YES_ERROR;
				GCC_WARN_UNDECLARED_SELECTOR = YES;
				GCC_WARN_UNINITIALIZED_AUTOS = YES_AGGRESSIVE;
				GCC_WARN_UNUSED_FUNCTION = YES;
				GCC_WARN_UNUSED_VARIABLE = YES;
				IPHONEOS_DEPLOYMENT_TARGET = 9.2;
				MTL_ENABLE_DEBUG_INFO = NO;
				SDKROOT = iphoneos;
				TARGETED_DEVICE_FAMILY = "1,2";
				VALIDATE_PRODUCT = YES;
			};
			name = Release;
		};
		1675CCD81CF71DA0005256A1 /* Debug */ = {
			isa = XCBuildConfiguration;
			buildSettings = {
				ASSETCATALOG_COMPILER_APPICON_NAME = AppIcon;
				INFOPLIST_FILE = DSRouter/Info.plist;
				LD_RUNPATH_SEARCH_PATHS = "$(inherited) @executable_path/Frameworks";
				PRODUCT_BUNDLE_IDENTIFIER = com.hxqc.DSRouter;
				PRODUCT_NAME = "$(TARGET_NAME)";
			};
			name = Debug;
		};
		1675CCD91CF71DA0005256A1 /* Release */ = {
			isa = XCBuildConfiguration;
			buildSettings = {
				ASSETCATALOG_COMPILER_APPICON_NAME = AppIcon;
				INFOPLIST_FILE = DSRouter/Info.plist;
				LD_RUNPATH_SEARCH_PATHS = "$(inherited) @executable_path/Frameworks";
				PRODUCT_BUNDLE_IDENTIFIER = com.hxqc.DSRouter;
				PRODUCT_NAME = "$(TARGET_NAME)";
			};
			name = Release;
		};
		1675CCDB1CF71DA0005256A1 /* Debug */ = {
			isa = XCBuildConfiguration;
			buildSettings = {
				BUNDLE_LOADER = "$(TEST_HOST)";
				INFOPLIST_FILE = DSRouterTests/Info.plist;
				LD_RUNPATH_SEARCH_PATHS = "$(inherited) @executable_path/Frameworks @loader_path/Frameworks";
				PRODUCT_BUNDLE_IDENTIFIER = com.hxqc.DSRouterTests;
				PRODUCT_NAME = "$(TARGET_NAME)";
				TEST_HOST = "$(BUILT_PRODUCTS_DIR)/DSRouter.app/DSRouter";
			};
			name = Debug;
		};
		1675CCDC1CF71DA0005256A1 /* Release */ = {
			isa = XCBuildConfiguration;
			buildSettings = {
				BUNDLE_LOADER = "$(TEST_HOST)";
				INFOPLIST_FILE = DSRouterTests/Info.plist;
				LD_RUNPATH_SEARCH_PATHS = "$(inherited) @executable_path/Frameworks @loader_path/Frameworks";
				PRODUCT_BUNDLE_IDENTIFIER = com.hxqc.DSRouterTests;
				PRODUCT_NAME = "$(TARGET_NAME)";
				TEST_HOST = "$(BUILT_PRODUCTS_DIR)/DSRouter.app/DSRouter";
			};
			name = Release;
		};
		1675CCDE1CF71DA0005256A1 /* Debug */ = {
			isa = XCBuildConfiguration;
			buildSettings = {
				INFOPLIST_FILE = DSRouterUITests/Info.plist;
				LD_RUNPATH_SEARCH_PATHS = "$(inherited) @executable_path/Frameworks @loader_path/Frameworks";
				PRODUCT_BUNDLE_IDENTIFIER = com.hxqc.DSRouterUITests;
				PRODUCT_NAME = "$(TARGET_NAME)";
				TEST_TARGET_NAME = DSRouter;
				USES_XCTRUNNER = YES;
			};
			name = Debug;
		};
		1675CCDF1CF71DA0005256A1 /* Release */ = {
			isa = XCBuildConfiguration;
			buildSettings = {
				INFOPLIST_FILE = DSRouterUITests/Info.plist;
				LD_RUNPATH_SEARCH_PATHS = "$(inherited) @executable_path/Frameworks @loader_path/Frameworks";
				PRODUCT_BUNDLE_IDENTIFIER = com.hxqc.DSRouterUITests;
				PRODUCT_NAME = "$(TARGET_NAME)";
				TEST_TARGET_NAME = DSRouter;
				USES_XCTRUNNER = YES;
			};
			name = Release;
		};
/* End XCBuildConfiguration section */

/* Begin XCConfigurationList section */
		1675CCA51CF71D9F005256A1 /* Build configuration list for PBXProject "DSRouter" */ = {
			isa = XCConfigurationList;
			buildConfigurations = (
				1675CCD51CF71DA0005256A1 /* Debug */,
				1675CCD61CF71DA0005256A1 /* Release */,
			);
			defaultConfigurationIsVisible = 0;
			defaultConfigurationName = Release;
		};
		1675CCD71CF71DA0005256A1 /* Build configuration list for PBXNativeTarget "DSRouter" */ = {
			isa = XCConfigurationList;
			buildConfigurations = (
				1675CCD81CF71DA0005256A1 /* Debug */,
				1675CCD91CF71DA0005256A1 /* Release */,
			);
			defaultConfigurationIsVisible = 0;
		};
		1675CCDA1CF71DA0005256A1 /* Build configuration list for PBXNativeTarget "DSRouterTests" */ = {
			isa = XCConfigurationList;
			buildConfigurations = (
				1675CCDB1CF71DA0005256A1 /* Debug */,
				1675CCDC1CF71DA0005256A1 /* Release */,
			);
			defaultConfigurationIsVisible = 0;
		};
		1675CCDD1CF71DA0005256A1 /* Build configuration list for PBXNativeTarget "DSRouterUITests" */ = {
			isa = XCConfigurationList;
			buildConfigurations = (
				1675CCDE1CF71DA0005256A1 /* Debug */,
				1675CCDF1CF71DA0005256A1 /* Release */,
			);
			defaultConfigurationIsVisible = 0;
		};
/* End XCConfigurationList section */
	};
	rootObject = 1675CCA21CF71D9F005256A1 /* Project object */;
}
